
Microsoft Visual Studio Solution File, Format Version 12.00
# Visual Studio Version 16
VisualStudioVersion = 16.0.29905.134
MinimumVisualStudioVersion = 10.0.40219.1
Project("{FAE04EC0-301F-11D3-BF4B-00C04F79EFBC}") = "MyService.Lib", "MyService.Lib\MyService.Lib.csproj", "{E59F607C-DF92-4852-A6AF-6ECAA267DC93}"
EndProject
Project("{FAE04EC0-301F-11D3-BF4B-00C04F79EFBC}") = "MyService.Lib.Tests", "MyService.Lib.Tests\MyService.Lib.Tests.csproj", "{DA38E790-C5C1-4073-93FB-F3B600EB0521}"
EndProject
Global
	GlobalSection(SolutionConfigurationPlatforms) = preSolution
		Debug|Any CPU = Debug|Any CPU
		Release|Any CPU = Release|Any CPU
	EndGlobalSection
	GlobalSection(ProjectConfigurationPlatforms) = postSolution
		{E59F607C-DF92-4852-A6AF-6ECAA267DC93}.Debug|Any CPU.ActiveCfg = Debug|Any CPU
		{E59F607C-DF92-4852-A6AF-6ECAA267DC93}.Debug|Any CPU.Build.0 = Debug|Any CPU
		{E59F607C-DF92-4852-A6AF-6ECAA267DC93}.Release|Any CPU.ActiveCfg = Release|Any CPU
		{E59F607C-DF92-4852-A6AF-6ECAA267DC93}.Release|Any CPU.Build.0 = Release|Any CPU
		{DA38E790-C5C1-4073-93FB-F3B600EB0521}.Debug|Any CPU.ActiveCfg = Debug|Any CPU
		{DA38E790-C5C1-4073-93FB-F3B600EB0521}.Debug|Any CPU.Build.0 = Debug|Any CPU
		{DA38E790-C5C1-4073-93FB-F3B600EB0521}.Release|Any CPU.ActiveCfg = Release|Any CPU
		{DA38E790-C5C1-4073-93FB-F3B600EB0521}.Release|Any CPU.Build.0 = Release|Any CPU
	EndGlobalSection
	GlobalSection(SolutionProperties) = preSolution
		HideSolutionNode = FALSE
	EndGlobalSection
	GlobalSection(ExtensibilityGlobals) = postSolution
		SolutionGuid = {7F01926F-BD6C-47BC-AFC9-664CC4B33DA2}
	EndGlobalSection
EndGlobal
